// !$*UTF8*$!
{
	archiveVersion = 1;
	classes = {
	};
	objectVersion = 46;
	objects = {

/* Begin PBXBuildFile section */
		522CF9F11F68B2AD00201F91 /* PaymentMethodTableViewCell.swift in Sources */ = {isa = PBXBuildFile; fileRef = 522CF9F01F68B2AD00201F91 /* PaymentMethodTableViewCell.swift */; };
		522CF9F31F68B3EF00201F91 /* PaymentMethod.swift in Sources */ = {isa = PBXBuildFile; fileRef = 522CF9F21F68B3EF00201F91 /* PaymentMethod.swift */; };
		522CF9F51F68BE5C00201F91 /* AKMaskField.framework in Frameworks */ = {isa = PBXBuildFile; fileRef = 522CF9F41F68BE5C00201F91 /* AKMaskField.framework */; };
		522CF9FC1F68C2AA00201F91 /* PaymentMethodViewController.swift in Sources */ = {isa = PBXBuildFile; fileRef = 522CF9FB1F68C2AA00201F91 /* PaymentMethodViewController.swift */; };
		522CF9FE1F68DDA200201F91 /* UIColor+Extension.swift in Sources */ = {isa = PBXBuildFile; fileRef = 522CF9FD1F68DDA200201F91 /* UIColor+Extension.swift */; };
		5263A7F11F677BF0008570AC /* AppDelegate.swift in Sources */ = {isa = PBXBuildFile; fileRef = 5263A7F01F677BF0008570AC /* AppDelegate.swift */; };
		5263A7F61F677BF0008570AC /* Main.storyboard in Resources */ = {isa = PBXBuildFile; fileRef = 5263A7F41F677BF0008570AC /* Main.storyboard */; };
		5263A7F81F677BF0008570AC /* Assets.xcassets in Resources */ = {isa = PBXBuildFile; fileRef = 5263A7F71F677BF0008570AC /* Assets.xcassets */; };
		5263A7FB1F677BF0008570AC /* LaunchScreen.storyboard in Resources */ = {isa = PBXBuildFile; fileRef = 5263A7F91F677BF0008570AC /* LaunchScreen.storyboard */; };
		5263A8061F677BF0008570AC /* DemoAppTascentOwlBytesTests.swift in Sources */ = {isa = PBXBuildFile; fileRef = 5263A8051F677BF0008570AC /* DemoAppTascentOwlBytesTests.swift */; };
		5263A8111F677BF0008570AC /* DemoAppTascentOwlBytesUITests.swift in Sources */ = {isa = PBXBuildFile; fileRef = 5263A8101F677BF0008570AC /* DemoAppTascentOwlBytesUITests.swift */; };
		5263A81F1F677E56008570AC /* Cartfile in Resources */ = {isa = PBXBuildFile; fileRef = 5263A81E1F677E56008570AC /* Cartfile */; };
		5263A8231F6780DB008570AC /* Alamofire.framework in Frameworks */ = {isa = PBXBuildFile; fileRef = 5263A8211F6780DB008570AC /* Alamofire.framework */; };
		5263A8241F6780DB008570AC /* PopupDialog.framework in Frameworks */ = {isa = PBXBuildFile; fileRef = 5263A8221F6780DB008570AC /* PopupDialog.framework */; };
		5263A8291F678980008570AC /* Profile.storyboard in Resources */ = {isa = PBXBuildFile; fileRef = 5263A8281F678980008570AC /* Profile.storyboard */; };
		5263A82B1F678AB0008570AC /* ProfileViewController.swift in Sources */ = {isa = PBXBuildFile; fileRef = 5263A82A1F678AB0008570AC /* ProfileViewController.swift */; };
		5263A82E1F678DC3008570AC /* ProfilePictureTableViewCell.swift in Sources */ = {isa = PBXBuildFile; fileRef = 5263A82D1F678DC3008570AC /* ProfilePictureTableViewCell.swift */; };
		5263A8301F67995B008570AC /* TextEntryTableViewCell.swift in Sources */ = {isa = PBXBuildFile; fileRef = 5263A82F1F67995B008570AC /* TextEntryTableViewCell.swift */; };
		6208C9841F68A89700FCEB2E /* Fusuma.framework in Frameworks */ = {isa = PBXBuildFile; fileRef = 6208C9831F68A89700FCEB2E /* Fusuma.framework */; };
		6208C9861F68A8F200FCEB2E /* CameraVCDummy.swift in Sources */ = {isa = PBXBuildFile; fileRef = 6208C9851F68A8F200FCEB2E /* CameraVCDummy.swift */; };
		6208C9881F68A91A00FCEB2E /* CameraDummy.storyboard in Resources */ = {isa = PBXBuildFile; fileRef = 6208C9871F68A91A00FCEB2E /* CameraDummy.storyboard */; };
		6208C98A1F68B66200FCEB2E /* FaceDetector.swift in Sources */ = {isa = PBXBuildFile; fileRef = 6208C9891F68B66200FCEB2E /* FaceDetector.swift */; };
		6225C8181F68C1D6002DA837 /* SVProgressHUD.framework in Frameworks */ = {isa = PBXBuildFile; fileRef = 6225C8171F68C1D6002DA837 /* SVProgressHUD.framework */; };
		6225C81A1F68C2C8002DA837 /* User.swift in Sources */ = {isa = PBXBuildFile; fileRef = 6225C8191F68C2C8002DA837 /* User.swift */; };
		6225C81D1F68CCBD002DA837 /* Date+Extension.swift in Sources */ = {isa = PBXBuildFile; fileRef = 6225C81C1F68CCBD002DA837 /* Date+Extension.swift */; };
		6225C81F1F68CCD0002DA837 /* Int+Extension.swift in Sources */ = {isa = PBXBuildFile; fileRef = 6225C81E1F68CCD0002DA837 /* Int+Extension.swift */; };
		6259D0111F6787190091E549 /* APIClient.swift in Sources */ = {isa = PBXBuildFile; fileRef = 6259D0101F6787190091E549 /* APIClient.swift */; };
		6259D0131F6787980091E549 /* StubAPI.swift in Sources */ = {isa = PBXBuildFile; fileRef = 6259D0121F6787980091E549 /* StubAPI.swift */; };
		6259D0151F6787A80091E549 /* RestAPI.swift in Sources */ = {isa = PBXBuildFile; fileRef = 6259D0141F6787A80091E549 /* RestAPI.swift */; };
		6259D0171F67885F0091E549 /* Events.storyboard in Resources */ = {isa = PBXBuildFile; fileRef = 6259D0161F67885F0091E549 /* Events.storyboard */; };
		6259D01A1F6788940091E549 /* Event.swift in Sources */ = {isa = PBXBuildFile; fileRef = 6259D0191F6788940091E549 /* Event.swift */; };
		6259D01D1F678BE10091E549 /* EventTableViewCell.swift in Sources */ = {isa = PBXBuildFile; fileRef = 6259D01C1F678BE10091E549 /* EventTableViewCell.swift */; };
		62FE93391F678DD700950874 /* EventsListViewController.swift in Sources */ = {isa = PBXBuildFile; fileRef = 62FE93381F678DD700950874 /* EventsListViewController.swift */; };
		62FE933B1F67938500950874 /* RoundedView.swift in Sources */ = {isa = PBXBuildFile; fileRef = 62FE933A1F67938500950874 /* RoundedView.swift */; };
		62FE933D1F6793AB00950874 /* UIView+Extension.swift in Sources */ = {isa = PBXBuildFile; fileRef = 62FE933C1F6793AB00950874 /* UIView+Extension.swift */; };
/* End PBXBuildFile section */

/* Begin PBXContainerItemProxy section */
		5263A8021F677BF0008570AC /* PBXContainerItemProxy */ = {
			isa = PBXContainerItemProxy;
			containerPortal = 5263A7E51F677BF0008570AC /* Project object */;
			proxyType = 1;
			remoteGlobalIDString = 5263A7EC1F677BF0008570AC;
			remoteInfo = DemoAppTascentOwlBytes;
		};
		5263A80D1F677BF0008570AC /* PBXContainerItemProxy */ = {
			isa = PBXContainerItemProxy;
			containerPortal = 5263A7E51F677BF0008570AC /* Project object */;
			proxyType = 1;
			remoteGlobalIDString = 5263A7EC1F677BF0008570AC;
			remoteInfo = DemoAppTascentOwlBytes;
		};
/* End PBXContainerItemProxy section */

/* Begin PBXFileReference section */
		522CF9F01F68B2AD00201F91 /* PaymentMethodTableViewCell.swift */ = {isa = PBXFileReference; fileEncoding = 4; lastKnownFileType = sourcecode.swift; path = PaymentMethodTableViewCell.swift; sourceTree = "<group>"; };
		522CF9F21F68B3EF00201F91 /* PaymentMethod.swift */ = {isa = PBXFileReference; fileEncoding = 4; lastKnownFileType = sourcecode.swift; path = PaymentMethod.swift; sourceTree = "<group>"; };
		522CF9F41F68BE5C00201F91 /* AKMaskField.framework */ = {isa = PBXFileReference; lastKnownFileType = wrapper.framework; name = AKMaskField.framework; path = Carthage/Build/iOS/AKMaskField.framework; sourceTree = "<group>"; };
		522CF9FB1F68C2AA00201F91 /* PaymentMethodViewController.swift */ = {isa = PBXFileReference; fileEncoding = 4; lastKnownFileType = sourcecode.swift; path = PaymentMethodViewController.swift; sourceTree = "<group>"; };
		522CF9FD1F68DDA200201F91 /* UIColor+Extension.swift */ = {isa = PBXFileReference; fileEncoding = 4; lastKnownFileType = sourcecode.swift; path = "UIColor+Extension.swift"; sourceTree = "<group>"; };
		5263A7ED1F677BF0008570AC /* DemoAppTascentOwlBytes.app */ = {isa = PBXFileReference; explicitFileType = wrapper.application; includeInIndex = 0; path = DemoAppTascentOwlBytes.app; sourceTree = BUILT_PRODUCTS_DIR; };
		5263A7F01F677BF0008570AC /* AppDelegate.swift */ = {isa = PBXFileReference; lastKnownFileType = sourcecode.swift; path = AppDelegate.swift; sourceTree = "<group>"; };
		5263A7F51F677BF0008570AC /* Base */ = {isa = PBXFileReference; lastKnownFileType = file.storyboard; name = Base; path = Base.lproj/Main.storyboard; sourceTree = "<group>"; };
		5263A7F71F677BF0008570AC /* Assets.xcassets */ = {isa = PBXFileReference; lastKnownFileType = folder.assetcatalog; path = Assets.xcassets; sourceTree = "<group>"; };
		5263A7FA1F677BF0008570AC /* Base */ = {isa = PBXFileReference; lastKnownFileType = file.storyboard; name = Base; path = Base.lproj/LaunchScreen.storyboard; sourceTree = "<group>"; };
		5263A7FC1F677BF0008570AC /* Info.plist */ = {isa = PBXFileReference; lastKnownFileType = text.plist.xml; path = Info.plist; sourceTree = "<group>"; };
		5263A8011F677BF0008570AC /* DemoAppTascentOwlBytesTests.xctest */ = {isa = PBXFileReference; explicitFileType = wrapper.cfbundle; includeInIndex = 0; path = DemoAppTascentOwlBytesTests.xctest; sourceTree = BUILT_PRODUCTS_DIR; };
		5263A8051F677BF0008570AC /* DemoAppTascentOwlBytesTests.swift */ = {isa = PBXFileReference; lastKnownFileType = sourcecode.swift; path = DemoAppTascentOwlBytesTests.swift; sourceTree = "<group>"; };
		5263A8071F677BF0008570AC /* Info.plist */ = {isa = PBXFileReference; lastKnownFileType = text.plist.xml; path = Info.plist; sourceTree = "<group>"; };
		5263A80C1F677BF0008570AC /* DemoAppTascentOwlBytesUITests.xctest */ = {isa = PBXFileReference; explicitFileType = wrapper.cfbundle; includeInIndex = 0; path = DemoAppTascentOwlBytesUITests.xctest; sourceTree = BUILT_PRODUCTS_DIR; };
		5263A8101F677BF0008570AC /* DemoAppTascentOwlBytesUITests.swift */ = {isa = PBXFileReference; lastKnownFileType = sourcecode.swift; path = DemoAppTascentOwlBytesUITests.swift; sourceTree = "<group>"; };
		5263A8121F677BF0008570AC /* Info.plist */ = {isa = PBXFileReference; lastKnownFileType = text.plist.xml; path = Info.plist; sourceTree = "<group>"; };
		5263A81E1F677E56008570AC /* Cartfile */ = {isa = PBXFileReference; fileEncoding = 4; lastKnownFileType = text; path = Cartfile; sourceTree = "<group>"; };
		5263A8211F6780DB008570AC /* Alamofire.framework */ = {isa = PBXFileReference; lastKnownFileType = wrapper.framework; name = Alamofire.framework; path = Carthage/Build/iOS/Alamofire.framework; sourceTree = "<group>"; };
		5263A8221F6780DB008570AC /* PopupDialog.framework */ = {isa = PBXFileReference; lastKnownFileType = wrapper.framework; name = PopupDialog.framework; path = Carthage/Build/iOS/PopupDialog.framework; sourceTree = "<group>"; };
		5263A8281F678980008570AC /* Profile.storyboard */ = {isa = PBXFileReference; fileEncoding = 4; lastKnownFileType = file.storyboard; path = Profile.storyboard; sourceTree = "<group>"; };
		5263A82A1F678AB0008570AC /* ProfileViewController.swift */ = {isa = PBXFileReference; fileEncoding = 4; lastKnownFileType = sourcecode.swift; path = ProfileViewController.swift; sourceTree = "<group>"; };
		5263A82D1F678DC3008570AC /* ProfilePictureTableViewCell.swift */ = {isa = PBXFileReference; fileEncoding = 4; lastKnownFileType = sourcecode.swift; path = ProfilePictureTableViewCell.swift; sourceTree = "<group>"; };
		5263A82F1F67995B008570AC /* TextEntryTableViewCell.swift */ = {isa = PBXFileReference; fileEncoding = 4; lastKnownFileType = sourcecode.swift; path = TextEntryTableViewCell.swift; sourceTree = "<group>"; };
		6208C9831F68A89700FCEB2E /* Fusuma.framework */ = {isa = PBXFileReference; lastKnownFileType = wrapper.framework; name = Fusuma.framework; path = Carthage/Build/iOS/Fusuma.framework; sourceTree = "<group>"; };
		6208C9851F68A8F200FCEB2E /* CameraVCDummy.swift */ = {isa = PBXFileReference; fileEncoding = 4; lastKnownFileType = sourcecode.swift; path = CameraVCDummy.swift; sourceTree = "<group>"; };
		6208C9871F68A91A00FCEB2E /* CameraDummy.storyboard */ = {isa = PBXFileReference; fileEncoding = 4; lastKnownFileType = file.storyboard; path = CameraDummy.storyboard; sourceTree = "<group>"; };
		6208C9891F68B66200FCEB2E /* FaceDetector.swift */ = {isa = PBXFileReference; fileEncoding = 4; lastKnownFileType = sourcecode.swift; path = FaceDetector.swift; sourceTree = "<group>"; };
		6225C8171F68C1D6002DA837 /* SVProgressHUD.framework */ = {isa = PBXFileReference; lastKnownFileType = wrapper.framework; name = SVProgressHUD.framework; path = Carthage/Build/iOS/SVProgressHUD.framework; sourceTree = "<group>"; };
		6225C8191F68C2C8002DA837 /* User.swift */ = {isa = PBXFileReference; fileEncoding = 4; lastKnownFileType = sourcecode.swift; path = User.swift; sourceTree = "<group>"; };
		6225C81C1F68CCBD002DA837 /* Date+Extension.swift */ = {isa = PBXFileReference; fileEncoding = 4; lastKnownFileType = sourcecode.swift; path = "Date+Extension.swift"; sourceTree = "<group>"; };
		6225C81E1F68CCD0002DA837 /* Int+Extension.swift */ = {isa = PBXFileReference; fileEncoding = 4; lastKnownFileType = sourcecode.swift; path = "Int+Extension.swift"; sourceTree = "<group>"; };
		6259D0101F6787190091E549 /* APIClient.swift */ = {isa = PBXFileReference; fileEncoding = 4; lastKnownFileType = sourcecode.swift; path = APIClient.swift; sourceTree = "<group>"; };
		6259D0121F6787980091E549 /* StubAPI.swift */ = {isa = PBXFileReference; fileEncoding = 4; lastKnownFileType = sourcecode.swift; path = StubAPI.swift; sourceTree = "<group>"; };
		6259D0141F6787A80091E549 /* RestAPI.swift */ = {isa = PBXFileReference; fileEncoding = 4; lastKnownFileType = sourcecode.swift; path = RestAPI.swift; sourceTree = "<group>"; };
		6259D0161F67885F0091E549 /* Events.storyboard */ = {isa = PBXFileReference; fileEncoding = 4; lastKnownFileType = file.storyboard; path = Events.storyboard; sourceTree = "<group>"; };
		6259D0191F6788940091E549 /* Event.swift */ = {isa = PBXFileReference; fileEncoding = 4; lastKnownFileType = sourcecode.swift; path = Event.swift; sourceTree = "<group>"; };
		6259D01C1F678BE10091E549 /* EventTableViewCell.swift */ = {isa = PBXFileReference; fileEncoding = 4; lastKnownFileType = sourcecode.swift; path = EventTableViewCell.swift; sourceTree = "<group>"; };
		62FE93381F678DD700950874 /* EventsListViewController.swift */ = {isa = PBXFileReference; fileEncoding = 4; lastKnownFileType = sourcecode.swift; path = EventsListViewController.swift; sourceTree = "<group>"; };
		62FE933A1F67938500950874 /* RoundedView.swift */ = {isa = PBXFileReference; fileEncoding = 4; lastKnownFileType = sourcecode.swift; path = RoundedView.swift; sourceTree = "<group>"; };
		62FE933C1F6793AB00950874 /* UIView+Extension.swift */ = {isa = PBXFileReference; fileEncoding = 4; lastKnownFileType = sourcecode.swift; path = "UIView+Extension.swift"; sourceTree = "<group>"; };
/* End PBXFileReference section */

/* Begin PBXFrameworksBuildPhase section */
		5263A7EA1F677BF0008570AC /* Frameworks */ = {
			isa = PBXFrameworksBuildPhase;
			buildActionMask = 2147483647;
			files = (
				5263A8231F6780DB008570AC /* Alamofire.framework in Frameworks */,
				6225C8181F68C1D6002DA837 /* SVProgressHUD.framework in Frameworks */,
				5263A8241F6780DB008570AC /* PopupDialog.framework in Frameworks */,
				6208C9841F68A89700FCEB2E /* Fusuma.framework in Frameworks */,
				522CF9F51F68BE5C00201F91 /* AKMaskField.framework in Frameworks */,
			);
			runOnlyForDeploymentPostprocessing = 0;
		};
		5263A7FE1F677BF0008570AC /* Frameworks */ = {
			isa = PBXFrameworksBuildPhase;
			buildActionMask = 2147483647;
			files = (
			);
			runOnlyForDeploymentPostprocessing = 0;
		};
		5263A8091F677BF0008570AC /* Frameworks */ = {
			isa = PBXFrameworksBuildPhase;
			buildActionMask = 2147483647;
			files = (
			);
			runOnlyForDeploymentPostprocessing = 0;
		};
/* End PBXFrameworksBuildPhase section */

/* Begin PBXGroup section */
		5263A7E41F677BF0008570AC = {
			isa = PBXGroup;
			children = (
				5263A7EF1F677BF0008570AC /* DemoAppTascentOwlBytes */,
				5263A8041F677BF0008570AC /* DemoAppTascentOwlBytesTests */,
				5263A80F1F677BF0008570AC /* DemoAppTascentOwlBytesUITests */,
				5263A8201F6780DA008570AC /* Frameworks */,
				5263A7EE1F677BF0008570AC /* Products */,
				5263A81E1F677E56008570AC /* Cartfile */,
			);
			sourceTree = "<group>";
		};
		5263A7EE1F677BF0008570AC /* Products */ = {
			isa = PBXGroup;
			children = (
				5263A7ED1F677BF0008570AC /* DemoAppTascentOwlBytes.app */,
				5263A8011F677BF0008570AC /* DemoAppTascentOwlBytesTests.xctest */,
				5263A80C1F677BF0008570AC /* DemoAppTascentOwlBytesUITests.xctest */,
			);
			name = Products;
			sourceTree = "<group>";
		};
		5263A7EF1F677BF0008570AC /* DemoAppTascentOwlBytes */ = {
			isa = PBXGroup;
			children = (
				62BA78611F69C82900B00237 /* API */,
				62BA78621F69C83400B00237 /* Bootstrap */,
				62BA78641F69C87900B00237 /* Camera dummy */,
				6259D01B1F6788EF0091E549 /* EventsList */,
				6259D0181F6788870091E549 /* Model */,
				5263A8271F678962008570AC /* Profile */,
				62BA78631F69C85600B00237 /* Resources */,
				6225C81B1F68CCAB002DA837 /* Utils */,
				5263A7F41F677BF0008570AC /* Main.storyboard */,
			);
			path = DemoAppTascentOwlBytes;
			sourceTree = "<group>";
		};
		5263A8041F677BF0008570AC /* DemoAppTascentOwlBytesTests */ = {
			isa = PBXGroup;
			children = (
				5263A8051F677BF0008570AC /* DemoAppTascentOwlBytesTests.swift */,
				5263A8071F677BF0008570AC /* Info.plist */,
			);
			path = DemoAppTascentOwlBytesTests;
			sourceTree = "<group>";
		};
		5263A80F1F677BF0008570AC /* DemoAppTascentOwlBytesUITests */ = {
			isa = PBXGroup;
			children = (
				5263A8101F677BF0008570AC /* DemoAppTascentOwlBytesUITests.swift */,
				5263A8121F677BF0008570AC /* Info.plist */,
			);
			path = DemoAppTascentOwlBytesUITests;
			sourceTree = "<group>";
		};
		5263A8201F6780DA008570AC /* Frameworks */ = {
			isa = PBXGroup;
			children = (
				6225C8171F68C1D6002DA837 /* SVProgressHUD.framework */,
				6208C9831F68A89700FCEB2E /* Fusuma.framework */,
				522CF9F41F68BE5C00201F91 /* AKMaskField.framework */,
				5263A8211F6780DB008570AC /* Alamofire.framework */,
				5263A8221F6780DB008570AC /* PopupDialog.framework */,
			);
			name = Frameworks;
			sourceTree = "<group>";
		};
		5263A8271F678962008570AC /* Profile */ = {
			isa = PBXGroup;
			children = (
				5263A82C1F678D9C008570AC /* TableViewCells */,
				522CF9FB1F68C2AA00201F91 /* PaymentMethodViewController.swift */,
				5263A8281F678980008570AC /* Profile.storyboard */,
				5263A82A1F678AB0008570AC /* ProfileViewController.swift */,
			);
			path = Profile;
			sourceTree = "<group>";
		};
		5263A82C1F678D9C008570AC /* TableViewCells */ = {
			isa = PBXGroup;
			children = (
				522CF9F01F68B2AD00201F91 /* PaymentMethodTableViewCell.swift */,
				5263A82D1F678DC3008570AC /* ProfilePictureTableViewCell.swift */,
				5263A82F1F67995B008570AC /* TextEntryTableViewCell.swift */,
			);
			path = TableViewCells;
			sourceTree = "<group>";
		};
		6225C81B1F68CCAB002DA837 /* Utils */ = {
			isa = PBXGroup;
			children = (
				6225C81C1F68CCBD002DA837 /* Date+Extension.swift */,
				6208C9891F68B66200FCEB2E /* FaceDetector.swift */,
				6225C81E1F68CCD0002DA837 /* Int+Extension.swift */,
				522CF9FD1F68DDA200201F91 /* UIColor+Extension.swift */,
			);
			name = Utils;
			path = Utils;
			sourceTree = "<group>";
		};
		6259D0181F6788870091E549 /* Model */ = {
			isa = PBXGroup;
			children = (
				6259D0191F6788940091E549 /* Event.swift */,
				522CF9F21F68B3EF00201F91 /* PaymentMethod.swift */,
				6225C8191F68C2C8002DA837 /* User.swift */,
			);
			name = Model;
			path = Model;
			sourceTree = "<group>";
		};
		6259D01B1F6788EF0091E549 /* EventsList */ = {
			isa = PBXGroup;
			children = (
				6259D01C1F678BE10091E549 /* EventTableViewCell.swift */,
				6259D0161F67885F0091E549 /* Events.storyboard */,
				62FE93381F678DD700950874 /* EventsListViewController.swift */,
				62FE933A1F67938500950874 /* RoundedView.swift */,
				62FE933C1F6793AB00950874 /* UIView+Extension.swift */,
			);
			name = EventsList;
			path = EventsList;
			sourceTree = "<group>";
		};
		62BA78611F69C82900B00237 /* API */ = {
			isa = PBXGroup;
			children = (
				6259D0101F6787190091E549 /* APIClient.swift */,
				6259D0141F6787A80091E549 /* RestAPI.swift */,
				6259D0121F6787980091E549 /* StubAPI.swift */,
			);
			name = API;
			path = API;
			sourceTree = "<group>";
		};
		62BA78621F69C83400B00237 /* Bootstrap */ = {
			isa = PBXGroup;
			children = (
				5263A7F01F677BF0008570AC /* AppDelegate.swift */,
			);
			name = Bootstrap;
			path = Bootstrap;
			sourceTree = "<group>";
		};
		62BA78631F69C85600B00237 /* Resources */ = {
			isa = PBXGroup;
			children = (
				5263A7F71F677BF0008570AC /* Assets.xcassets */,
				5263A7FC1F677BF0008570AC /* Info.plist */,
				5263A7F91F677BF0008570AC /* LaunchScreen.storyboard */,
			);
			name = Resources;
			path = Resources;
			sourceTree = "<group>";
		};
		62BA78641F69C87900B00237 /* Camera dummy */ = {
			isa = PBXGroup;
			children = (
				6208C9871F68A91A00FCEB2E /* CameraDummy.storyboard */,
				6208C9851F68A8F200FCEB2E /* CameraVCDummy.swift */,
			);
			name = "Camera dummy";
			path = "Camera dummy";
			sourceTree = "<group>";
		};
/* End PBXGroup section */

/* Begin PBXNativeTarget section */
		5263A7EC1F677BF0008570AC /* DemoAppTascentOwlBytes */ = {
			isa = PBXNativeTarget;
			buildConfigurationList = 5263A8151F677BF0008570AC /* Build configuration list for PBXNativeTarget "DemoAppTascentOwlBytes" */;
			buildPhases = (
				5263A7E91F677BF0008570AC /* Sources */,
				5263A7EA1F677BF0008570AC /* Frameworks */,
				5263A7EB1F677BF0008570AC /* Resources */,
				5263A8251F6780ED008570AC /* Carthage */,
			);
			buildRules = (
			);
			dependencies = (
			);
			name = DemoAppTascentOwlBytes;
			productName = DemoAppTascentOwlBytes;
			productReference = 5263A7ED1F677BF0008570AC /* DemoAppTascentOwlBytes.app */;
			productType = "com.apple.product-type.application";
		};
		5263A8001F677BF0008570AC /* DemoAppTascentOwlBytesTests */ = {
			isa = PBXNativeTarget;
			buildConfigurationList = 5263A8181F677BF0008570AC /* Build configuration list for PBXNativeTarget "DemoAppTascentOwlBytesTests" */;
			buildPhases = (
				5263A7FD1F677BF0008570AC /* Sources */,
				5263A7FE1F677BF0008570AC /* Frameworks */,
				5263A7FF1F677BF0008570AC /* Resources */,
			);
			buildRules = (
			);
			dependencies = (
				5263A8031F677BF0008570AC /* PBXTargetDependency */,
			);
			name = DemoAppTascentOwlBytesTests;
			productName = DemoAppTascentOwlBytesTests;
			productReference = 5263A8011F677BF0008570AC /* DemoAppTascentOwlBytesTests.xctest */;
			productType = "com.apple.product-type.bundle.unit-test";
		};
		5263A80B1F677BF0008570AC /* DemoAppTascentOwlBytesUITests */ = {
			isa = PBXNativeTarget;
			buildConfigurationList = 5263A81B1F677BF0008570AC /* Build configuration list for PBXNativeTarget "DemoAppTascentOwlBytesUITests" */;
			buildPhases = (
				5263A8081F677BF0008570AC /* Sources */,
				5263A8091F677BF0008570AC /* Frameworks */,
				5263A80A1F677BF0008570AC /* Resources */,
			);
			buildRules = (
			);
			dependencies = (
				5263A80E1F677BF0008570AC /* PBXTargetDependency */,
			);
			name = DemoAppTascentOwlBytesUITests;
			productName = DemoAppTascentOwlBytesUITests;
			productReference = 5263A80C1F677BF0008570AC /* DemoAppTascentOwlBytesUITests.xctest */;
			productType = "com.apple.product-type.bundle.ui-testing";
		};
/* End PBXNativeTarget section */

/* Begin PBXProject section */
		5263A7E51F677BF0008570AC /* Project object */ = {
			isa = PBXProject;
			attributes = {
				LastSwiftUpdateCheck = 0830;
				LastUpgradeCheck = 0830;
				ORGANIZATIONNAME = None;
				TargetAttributes = {
					5263A7EC1F677BF0008570AC = {
						CreatedOnToolsVersion = 8.3.3;
						DevelopmentTeam = YYWFQ73E8M;
						ProvisioningStyle = Automatic;
					};
					5263A8001F677BF0008570AC = {
						CreatedOnToolsVersion = 8.3.3;
						ProvisioningStyle = Automatic;
						TestTargetID = 5263A7EC1F677BF0008570AC;
					};
					5263A80B1F677BF0008570AC = {
						CreatedOnToolsVersion = 8.3.3;
						ProvisioningStyle = Automatic;
						TestTargetID = 5263A7EC1F677BF0008570AC;
					};
				};
			};
			buildConfigurationList = 5263A7E81F677BF0008570AC /* Build configuration list for PBXProject "DemoAppTascentOwlBytes" */;
			compatibilityVersion = "Xcode 3.2";
			developmentRegion = English;
			hasScannedForEncodings = 0;
			knownRegions = (
				en,
				Base,
			);
			mainGroup = 5263A7E41F677BF0008570AC;
			productRefGroup = 5263A7EE1F677BF0008570AC /* Products */;
			projectDirPath = "";
			projectRoot = "";
			targets = (
				5263A7EC1F677BF0008570AC /* DemoAppTascentOwlBytes */,
				5263A8001F677BF0008570AC /* DemoAppTascentOwlBytesTests */,
				5263A80B1F677BF0008570AC /* DemoAppTascentOwlBytesUITests */,
			);
		};
/* End PBXProject section */

/* Begin PBXResourcesBuildPhase section */
		5263A7EB1F677BF0008570AC /* Resources */ = {
			isa = PBXResourcesBuildPhase;
			buildActionMask = 2147483647;
			files = (
				5263A7FB1F677BF0008570AC /* LaunchScreen.storyboard in Resources */,
				5263A7F81F677BF0008570AC /* Assets.xcassets in Resources */,
				5263A8291F678980008570AC /* Profile.storyboard in Resources */,
				5263A81F1F677E56008570AC /* Cartfile in Resources */,
				5263A7F61F677BF0008570AC /* Main.storyboard in Resources */,
				6259D0171F67885F0091E549 /* Events.storyboard in Resources */,
				6208C9881F68A91A00FCEB2E /* CameraDummy.storyboard in Resources */,
			);
			runOnlyForDeploymentPostprocessing = 0;
		};
		5263A7FF1F677BF0008570AC /* Resources */ = {
			isa = PBXResourcesBuildPhase;
			buildActionMask = 2147483647;
			files = (
			);
			runOnlyForDeploymentPostprocessing = 0;
		};
		5263A80A1F677BF0008570AC /* Resources */ = {
			isa = PBXResourcesBuildPhase;
			buildActionMask = 2147483647;
			files = (
			);
			runOnlyForDeploymentPostprocessing = 0;
		};
/* End PBXResourcesBuildPhase section */

/* Begin PBXShellScriptBuildPhase section */
		5263A8251F6780ED008570AC /* Carthage */ = {
			isa = PBXShellScriptBuildPhase;
			buildActionMask = 2147483647;
			files = (
			);
			inputPaths = (
				"$(SRCROOT)/Carthage/Build/iOS/Alamofire.framework",
				"$(SRCROOT)/Carthage/Build/iOS/PopupDialog.framework",
				"$(SRCROOT)/Carthage/Build/iOS/Fusuma.framework",
				"$(SRCROOT)/Carthage/Build/iOS/SVProgressHUD.framework",
				"$(SRCROOT)/Carthage/Build/iOS/AKMaskField.framework",
			);
			name = Carthage;
			outputPaths = (
			);
			runOnlyForDeploymentPostprocessing = 0;
			shellPath = /bin/sh;
			shellScript = "/usr/local/bin/carthage copy-frameworks";
		};
/* End PBXShellScriptBuildPhase section */

/* Begin PBXSourcesBuildPhase section */
		5263A7E91F677BF0008570AC /* Sources */ = {
			isa = PBXSourcesBuildPhase;
			buildActionMask = 2147483647;
			files = (
				522CF9FE1F68DDA200201F91 /* UIColor+Extension.swift in Sources */,
				6208C9861F68A8F200FCEB2E /* CameraVCDummy.swift in Sources */,
				6259D0131F6787980091E549 /* StubAPI.swift in Sources */,
				62FE93391F678DD700950874 /* EventsListViewController.swift in Sources */,
				6225C81F1F68CCD0002DA837 /* Int+Extension.swift in Sources */,
				6259D0151F6787A80091E549 /* RestAPI.swift in Sources */,
				522CF9F31F68B3EF00201F91 /* PaymentMethod.swift in Sources */,
				5263A82B1F678AB0008570AC /* ProfileViewController.swift in Sources */,
				5263A8301F67995B008570AC /* TextEntryTableViewCell.swift in Sources */,
				5263A7F11F677BF0008570AC /* AppDelegate.swift in Sources */,
				6259D01D1F678BE10091E549 /* EventTableViewCell.swift in Sources */,
				6225C81A1F68C2C8002DA837 /* User.swift in Sources */,
				6225C81D1F68CCBD002DA837 /* Date+Extension.swift in Sources */,
				6208C98A1F68B66200FCEB2E /* FaceDetector.swift in Sources */,
				6259D01A1F6788940091E549 /* Event.swift in Sources */,
				62FE933B1F67938500950874 /* RoundedView.swift in Sources */,
				62FE933D1F6793AB00950874 /* UIView+Extension.swift in Sources */,
				6259D0111F6787190091E549 /* APIClient.swift in Sources */,
				522CF9F11F68B2AD00201F91 /* PaymentMethodTableViewCell.swift in Sources */,
				522CF9FC1F68C2AA00201F91 /* PaymentMethodViewController.swift in Sources */,
				5263A82E1F678DC3008570AC /* ProfilePictureTableViewCell.swift in Sources */,
			);
			runOnlyForDeploymentPostprocessing = 0;
		};
		5263A7FD1F677BF0008570AC /* Sources */ = {
			isa = PBXSourcesBuildPhase;
			buildActionMask = 2147483647;
			files = (
				5263A8061F677BF0008570AC /* DemoAppTascentOwlBytesTests.swift in Sources */,
			);
			runOnlyForDeploymentPostprocessing = 0;
		};
		5263A8081F677BF0008570AC /* Sources */ = {
			isa = PBXSourcesBuildPhase;
			buildActionMask = 2147483647;
			files = (
				5263A8111F677BF0008570AC /* DemoAppTascentOwlBytesUITests.swift in Sources */,
			);
			runOnlyForDeploymentPostprocessing = 0;
		};
/* End PBXSourcesBuildPhase section */

/* Begin PBXTargetDependency section */
		5263A8031F677BF0008570AC /* PBXTargetDependency */ = {
			isa = PBXTargetDependency;
			target = 5263A7EC1F677BF0008570AC /* DemoAppTascentOwlBytes */;
			targetProxy = 5263A8021F677BF0008570AC /* PBXContainerItemProxy */;
		};
		5263A80E1F677BF0008570AC /* PBXTargetDependency */ = {
			isa = PBXTargetDependency;
			target = 5263A7EC1F677BF0008570AC /* DemoAppTascentOwlBytes */;
			targetProxy = 5263A80D1F677BF0008570AC /* PBXContainerItemProxy */;
		};
/* End PBXTargetDependency section */

/* Begin PBXVariantGroup section */
		5263A7F41F677BF0008570AC /* Main.storyboard */ = {
			isa = PBXVariantGroup;
			children = (
				5263A7F51F677BF0008570AC /* Base */,
			);
			name = Main.storyboard;
			path = .;
			sourceTree = "<group>";
		};
		5263A7F91F677BF0008570AC /* LaunchScreen.storyboard */ = {
			isa = PBXVariantGroup;
			children = (
				5263A7FA1F677BF0008570AC /* Base */,
			);
			name = LaunchScreen.storyboard;
			path = .;
			sourceTree = "<group>";
		};
/* End PBXVariantGroup section */

/* Begin XCBuildConfiguration section */
		5263A8131F677BF0008570AC /* Debug */ = {
			isa = XCBuildConfiguration;
			buildSettings = {
				ALWAYS_SEARCH_USER_PATHS = NO;
				CLANG_ANALYZER_NONNULL = YES;
				CLANG_ANALYZER_NUMBER_OBJECT_CONVERSION = YES_AGGRESSIVE;
				CLANG_CXX_LANGUAGE_STANDARD = "gnu++0x";
				CLANG_CXX_LIBRARY = "libc++";
				CLANG_ENABLE_MODULES = YES;
				CLANG_ENABLE_OBJC_ARC = YES;
				CLANG_WARN_BOOL_CONVERSION = YES;
				CLANG_WARN_CONSTANT_CONVERSION = YES;
				CLANG_WARN_DIRECT_OBJC_ISA_USAGE = YES_ERROR;
				CLANG_WARN_DOCUMENTATION_COMMENTS = YES;
				CLANG_WARN_EMPTY_BODY = YES;
				CLANG_WARN_ENUM_CONVERSION = YES;
				CLANG_WARN_INFINITE_RECURSION = YES;
				CLANG_WARN_INT_CONVERSION = YES;
				CLANG_WARN_OBJC_ROOT_CLASS = YES_ERROR;
				CLANG_WARN_SUSPICIOUS_MOVE = YES;
				CLANG_WARN_UNREACHABLE_CODE = YES;
				CLANG_WARN__DUPLICATE_METHOD_MATCH = YES;
				"CODE_SIGN_IDENTITY[sdk=iphoneos*]" = "iPhone Developer";
				COPY_PHASE_STRIP = NO;
				DEBUG_INFORMATION_FORMAT = dwarf;
				ENABLE_STRICT_OBJC_MSGSEND = YES;
				ENABLE_TESTABILITY = YES;
				GCC_C_LANGUAGE_STANDARD = gnu99;
				GCC_DYNAMIC_NO_PIC = NO;
				GCC_NO_COMMON_BLOCKS = YES;
				GCC_OPTIMIZATION_LEVEL = 0;
				GCC_PREPROCESSOR_DEFINITIONS = (
					"DEBUG=1",
					"$(inherited)",
				);
				GCC_WARN_64_TO_32_BIT_CONVERSION = YES;
				GCC_WARN_ABOUT_RETURN_TYPE = YES_ERROR;
				GCC_WARN_UNDECLARED_SELECTOR = YES;
				GCC_WARN_UNINITIALIZED_AUTOS = YES_AGGRESSIVE;
				GCC_WARN_UNUSED_FUNCTION = YES;
				GCC_WARN_UNUSED_VARIABLE = YES;
				IPHONEOS_DEPLOYMENT_TARGET = 10.3;
				MTL_ENABLE_DEBUG_INFO = YES;
				ONLY_ACTIVE_ARCH = YES;
				SDKROOT = iphoneos;
				SWIFT_ACTIVE_COMPILATION_CONDITIONS = DEBUG;
				SWIFT_OPTIMIZATION_LEVEL = "-Onone";
			};
			name = Debug;
		};
		5263A8141F677BF0008570AC /* Release */ = {
			isa = XCBuildConfiguration;
			buildSettings = {
				ALWAYS_SEARCH_USER_PATHS = NO;
				CLANG_ANALYZER_NONNULL = YES;
				CLANG_ANALYZER_NUMBER_OBJECT_CONVERSION = YES_AGGRESSIVE;
				CLANG_CXX_LANGUAGE_STANDARD = "gnu++0x";
				CLANG_CXX_LIBRARY = "libc++";
				CLANG_ENABLE_MODULES = YES;
				CLANG_ENABLE_OBJC_ARC = YES;
				CLANG_WARN_BOOL_CONVERSION = YES;
				CLANG_WARN_CONSTANT_CONVERSION = YES;
				CLANG_WARN_DIRECT_OBJC_ISA_USAGE = YES_ERROR;
				CLANG_WARN_DOCUMENTATION_COMMENTS = YES;
				CLANG_WARN_EMPTY_BODY = YES;
				CLANG_WARN_ENUM_CONVERSION = YES;
				CLANG_WARN_INFINITE_RECURSION = YES;
				CLANG_WARN_INT_CONVERSION = YES;
				CLANG_WARN_OBJC_ROOT_CLASS = YES_ERROR;
				CLANG_WARN_SUSPICIOUS_MOVE = YES;
				CLANG_WARN_UNREACHABLE_CODE = YES;
				CLANG_WARN__DUPLICATE_METHOD_MATCH = YES;
				"CODE_SIGN_IDENTITY[sdk=iphoneos*]" = "iPhone Developer";
				COPY_PHASE_STRIP = NO;
				DEBUG_INFORMATION_FORMAT = "dwarf-with-dsym";
				ENABLE_NS_ASSERTIONS = NO;
				ENABLE_STRICT_OBJC_MSGSEND = YES;
				GCC_C_LANGUAGE_STANDARD = gnu99;
				GCC_NO_COMMON_BLOCKS = YES;
				GCC_WARN_64_TO_32_BIT_CONVERSION = YES;
				GCC_WARN_ABOUT_RETURN_TYPE = YES_ERROR;
				GCC_WARN_UNDECLARED_SELECTOR = YES;
				GCC_WARN_UNINITIALIZED_AUTOS = YES_AGGRESSIVE;
				GCC_WARN_UNUSED_FUNCTION = YES;
				GCC_WARN_UNUSED_VARIABLE = YES;
				IPHONEOS_DEPLOYMENT_TARGET = 10.3;
				MTL_ENABLE_DEBUG_INFO = NO;
				SDKROOT = iphoneos;
				SWIFT_OPTIMIZATION_LEVEL = "-Owholemodule";
				VALIDATE_PRODUCT = YES;
			};
			name = Release;
		};
		5263A8161F677BF0008570AC /* Debug */ = {
			isa = XCBuildConfiguration;
			buildSettings = {
				ASSETCATALOG_COMPILER_APPICON_NAME = AppIcon;
				DEVELOPMENT_TEAM = YYWFQ73E8M;
				FRAMEWORK_SEARCH_PATHS = (
					"$(inherited)",
					"$(PROJECT_DIR)/Carthage/Build/iOS",
				);
				INFOPLIST_FILE = DemoAppTascentOwlBytes/Resources/Info.plist;
				IPHONEOS_DEPLOYMENT_TARGET = 10.0;
				LD_RUNPATH_SEARCH_PATHS = "$(inherited) @executable_path/Frameworks";
				PRODUCT_BUNDLE_IDENTIFIER = None.DemoAppTascentOwlBytes;
				PRODUCT_NAME = "$(TARGET_NAME)";
				SWIFT_VERSION = 3.0;
			};
			name = Debug;
		};
		5263A8171F677BF0008570AC /* Release */ = {
			isa = XCBuildConfiguration;
			buildSettings = {
				ASSETCATALOG_COMPILER_APPICON_NAME = AppIcon;
				DEVELOPMENT_TEAM = YYWFQ73E8M;
				FRAMEWORK_SEARCH_PATHS = (
					"$(inherited)",
					"$(PROJECT_DIR)/Carthage/Build/iOS",
				);
				INFOPLIST_FILE = DemoAppTascentOwlBytes/Resources/Info.plist;
				IPHONEOS_DEPLOYMENT_TARGET = 10.0;
				LD_RUNPATH_SEARCH_PATHS = "$(inherited) @executable_path/Frameworks";
				PRODUCT_BUNDLE_IDENTIFIER = None.DemoAppTascentOwlBytes;
				PRODUCT_NAME = "$(TARGET_NAME)";
				SWIFT_VERSION = 3.0;
			};
			name = Release;
		};
		5263A8191F677BF0008570AC /* Debug */ = {
			isa = XCBuildConfiguration;
			buildSettings = {
				ALWAYS_EMBED_SWIFT_STANDARD_LIBRARIES = YES;
				BUNDLE_LOADER = "$(TEST_HOST)";
				INFOPLIST_FILE = DemoAppTascentOwlBytesTests/Info.plist;
				LD_RUNPATH_SEARCH_PATHS = "$(inherited) @executable_path/Frameworks @loader_path/Frameworks";
				PRODUCT_BUNDLE_IDENTIFIER = None.DemoAppTascentOwlBytesTests;
				PRODUCT_NAME = "$(TARGET_NAME)";
				SWIFT_VERSION = 3.0;
				TEST_HOST = "$(BUILT_PRODUCTS_DIR)/DemoAppTascentOwlBytes.app/DemoAppTascentOwlBytes";
			};
			name = Debug;
		};
		5263A81A1F677BF0008570AC /* Release */ = {
			isa = XCBuildConfiguration;
			buildSettings = {
				ALWAYS_EMBED_SWIFT_STANDARD_LIBRARIES = YES;
				BUNDLE_LOADER = "$(TEST_HOST)";
				INFOPLIST_FILE = DemoAppTascentOwlBytesTests/Info.plist;
				LD_RUNPATH_SEARCH_PATHS = "$(inherited) @executable_path/Frameworks @loader_path/Frameworks";
				PRODUCT_BUNDLE_IDENTIFIER = None.DemoAppTascentOwlBytesTests;
				PRODUCT_NAME = "$(TARGET_NAME)";
				SWIFT_VERSION = 3.0;
				TEST_HOST = "$(BUILT_PRODUCTS_DIR)/DemoAppTascentOwlBytes.app/DemoAppTascentOwlBytes";
			};
			name = Release;
		};
		5263A81C1F677BF0008570AC /* Debug */ = {
			isa = XCBuildConfiguration;
			buildSettings = {
				ALWAYS_EMBED_SWIFT_STANDARD_LIBRARIES = YES;
				INFOPLIST_FILE = DemoAppTascentOwlBytesUITests/Info.plist;
				LD_RUNPATH_SEARCH_PATHS = "$(inherited) @executable_path/Frameworks @loader_path/Frameworks";
				PRODUCT_BUNDLE_IDENTIFIER = None.DemoAppTascentOwlBytesUITests;
				PRODUCT_NAME = "$(TARGET_NAME)";
				SWIFT_VERSION = 3.0;
				TEST_TARGET_NAME = DemoAppTascentOwlBytes;
			};
			name = Debug;
		};
		5263A81D1F677BF0008570AC /* Release */ = {
			isa = XCBuildConfiguration;
			buildSettings = {
				ALWAYS_EMBED_SWIFT_STANDARD_LIBRARIES = YES;
				INFOPLIST_FILE = DemoAppTascentOwlBytesUITests/Info.plist;
				LD_RUNPATH_SEARCH_PATHS = "$(inherited) @executable_path/Frameworks @loader_path/Frameworks";
				PRODUCT_BUNDLE_IDENTIFIER = None.DemoAppTascentOwlBytesUITests;
				PRODUCT_NAME = "$(TARGET_NAME)";
				SWIFT_VERSION = 3.0;
				TEST_TARGET_NAME = DemoAppTascentOwlBytes;
			};
			name = Release;
		};
/* End XCBuildConfiguration section */

/* Begin XCConfigurationList section */
		5263A7E81F677BF0008570AC /* Build configuration list for PBXProject "DemoAppTascentOwlBytes" */ = {
			isa = XCConfigurationList;
			buildConfigurations = (
				5263A8131F677BF0008570AC /* Debug */,
				5263A8141F677BF0008570AC /* Release */,
			);
			defaultConfigurationIsVisible = 0;
			defaultConfigurationName = Release;
		};
		5263A8151F677BF0008570AC /* Build configuration list for PBXNativeTarget "DemoAppTascentOwlBytes" */ = {
			isa = XCConfigurationList;
			buildConfigurations = (
				5263A8161F677BF0008570AC /* Debug */,
				5263A8171F677BF0008570AC /* Release */,
			);
			defaultConfigurationIsVisible = 0;
			defaultConfigurationName = Release;
		};
		5263A8181F677BF0008570AC /* Build configuration list for PBXNativeTarget "DemoAppTascentOwlBytesTests" */ = {
			isa = XCConfigurationList;
			buildConfigurations = (
				5263A8191F677BF0008570AC /* Debug */,
				5263A81A1F677BF0008570AC /* Release */,
			);
			defaultConfigurationIsVisible = 0;
			defaultConfigurationName = Release;
		};
		5263A81B1F677BF0008570AC /* Build configuration list for PBXNativeTarget "DemoAppTascentOwlBytesUITests" */ = {
			isa = XCConfigurationList;
			buildConfigurations = (
				5263A81C1F677BF0008570AC /* Debug */,
				5263A81D1F677BF0008570AC /* Release */,
			);
			defaultConfigurationIsVisible = 0;
			defaultConfigurationName = Release;
		};
/* End XCConfigurationList section */
	};
	rootObject = 5263A7E51F677BF0008570AC /* Project object */;
}
